{
  "lockfile_version": "1",
  "packages": {
    "go@1.22.5": {
      "last_modified": "2024-07-07T07:43:47Z",
      "resolved": "github:NixOS/nixpkgs/b60793b86201040d9dee019a05089a9150d08b5b#go",
      "source": "devbox-search",
      "version": "1.22.5",
      "systems": {
        "aarch64-darwin": {
          "outputs": [
            {
              "name": "out",
              "path": "/nix/store/05saqcgidraqmn4z82prsp7rbj9hjmwm-go-1.22.5",
              "default": true
            }
          ],
          "store_path": "/nix/store/05saqcgidraqmn4z82prsp7rbj9hjmwm-go-1.22.5"
        },
        "aarch64-linux": {
          "outputs": [
            {
              "name": "out",
              "path": "/nix/store/b97bbxn6kpysysxb8nxn4k39ffxmp4p6-go-1.22.5",
              "default": true
            }
          ],
          "store_path": "/nix/store/b97bbxn6kpysysxb8nxn4k39ffxmp4p6-go-1.22.5"
        },
        "x86_64-darwin": {
          "outputs": [
            {
              "name": "out",
              "path": "/nix/store/gdyii59c48s4a8q6w584ccgm95qls3lh-go-1.22.5",
              "default": true
            }
          ],
          "store_path": "/nix/store/gdyii59c48s4a8q6w584ccgm95qls3lh-go-1.22.5"
        },
        "x86_64-linux": {
          "outputs": [
            {
              "name": "out",
              "path": "/nix/store/3v17dij8rvg7q99009swxg52995r7s22-go-1.22.5",
              "default": true
            }
          ],
          "store_path": "/nix/store/3v17dij8rvg7q99009swxg52995r7s22-go-1.22.5"
        }
      }
    },
    "golangci-lint@1.59.1": {
      "last_modified": "2024-07-07T07:43:47Z",
      "resolved": "github:NixOS/nixpkgs/b60793b86201040d9dee019a05089a9150d08b5b#golangci-lint",
      "source": "devbox-search",
      "version": "1.59.1",
      "systems": {
        "aarch64-darwin": {
          "outputs": [
            {
              "name": "out",
              "path": "/nix/store/80cn62vqs99adkpvjv5qmv9nvkahcy0s-golangci-lint-1.59.1",
              "default": true
            }
          ],
          "store_path": "/nix/store/80cn62vqs99adkpvjv5qmv9nvkahcy0s-golangci-lint-1.59.1"
        },
        "aarch64-linux": {
          "outputs": [
            {
              "name": "out",
              "path": "/nix/store/f91hm1xlmjy5y18lavfn9889azxam4mp-golangci-lint-1.59.1",
              "default": true
            }
          ],
          "store_path": "/nix/store/f91hm1xlmjy5y18lavfn9889azxam4mp-golangci-lint-1.59.1"
        },
        "x86_64-darwin": {
          "outputs": [
            {
              "name": "out",
              "path": "/nix/store/pn0lpm53xffqvdfd72n4mfn8ja4kmf1h-golangci-lint-1.59.1",
              "default": true
            }
          ],
          "store_path": "/nix/store/pn0lpm53xffqvdfd72n4mfn8ja4kmf1h-golangci-lint-1.59.1"
        },
        "x86_64-linux": {
          "outputs": [
            {
              "name": "out",
              "path": "/nix/store/fx4p42sdx70hzpzsl71r5zwh8az0p74a-golangci-lint-1.59.1",
              "default": true
            }
          ],
          "store_path": "/nix/store/fx4p42sdx70hzpzsl71r5zwh8az0p74a-golangci-lint-1.59.1"
        }
      }
    },
    "nodejs@22.3.0": {
      "last_modified": "2024-07-07T07:43:47Z",
      "plugin_version": "0.0.2",
      "resolved": "github:NixOS/nixpkgs/b60793b86201040d9dee019a05089a9150d08b5b#nodejs_22",
      "source": "devbox-search",
      "version": "22.3.0",
      "systems": {
        "aarch64-darwin": {
          "outputs": [
            {
              "name": "out",
              "path": "/nix/store/cpqfn567chsy7mslcfwnijsn6mq82lcq-nodejs-22.3.0",
              "default": true
            },
            {
              "name": "libv8",
              "path": "/nix/store/mfjmdqb1sxxm7r4d4px5r3p6m378kzy5-nodejs-22.3.0-libv8"
            }
          ],
          "store_path": "/nix/store/cpqfn567chsy7mslcfwnijsn6mq82lcq-nodejs-22.3.0"
        },
        "aarch64-linux": {
          "outputs": [
            {
              "name": "out",
              "path": "/nix/store/q7cgrvb6clq0pdp5hlwmq2lldzkl3fmj-nodejs-22.3.0",
              "default": true
            },
            {
              "name": "libv8",
              "path": "/nix/store/5df5695winsxzf80q6z0m35zy3p60yw1-nodejs-22.3.0-libv8"
            }
          ],
          "store_path": "/nix/store/q7cgrvb6clq0pdp5hlwmq2lldzkl3fmj-nodejs-22.3.0"
        },
        "x86_64-darwin": {
          "outputs": [
            {
              "name": "out",
              "path": "/nix/store/hd619h1mh6lcmv2kw6nij9xa0zf7ybmr-nodejs-22.3.0",
              "default": true
            },
            {
              "name": "libv8",
              "path": "/nix/store/mipa00s8bq87h3p3allndvg43cpggz3w-nodejs-22.3.0-libv8"
            }
          ],
          "store_path": "/nix/store/hd619h1mh6lcmv2kw6nij9xa0zf7ybmr-nodejs-22.3.0"
        },
        "x86_64-linux": {
          "outputs": [
            {
              "name": "out",
              "path": "/nix/store/bmvx7ww7qfksjqsckmivkg3mqvjscfh8-nodejs-22.3.0",
              "default": true
            },
            {
              "name": "libv8",
              "path": "/nix/store/w28gijyq24mmk1676gpbxw2xrkysxx1i-nodejs-22.3.0-libv8"
            }
          ],
          "store_path": "/nix/store/bmvx7ww7qfksjqsckmivkg3mqvjscfh8-nodejs-22.3.0"
        }
      }
    }
  }
}
